
Microsoft Visual Studio Solution File, Format Version 12.00
# Visual Studio Version 16
VisualStudioVersion = 16.0.33328.57
MinimumVisualStudioVersion = 10.0.40219.1
Project("{FAE04EC0-301F-11D3-BF4B-00C04F79EFBC}") = "MahantExport", "MahantExport\MahantExport.csproj", "{F3C44BFD-3214-4865-9CE8-449980059FEF}"
EndProject
Project("{FAE04EC0-301F-11D3-BF4B-00C04F79EFBC}") = "BusLib", "BusLib\BusLib.csproj", "{4E644160-968F-4FD5-9012-B94264E5A619}"
EndProject
Project("{FAE04EC0-301F-11D3-BF4B-00C04F79EFBC}") = "EncrDecr", "EncrDecr\EncrDecr\EncrDecr.csproj", "{68ED19B0-45AA-4191-A76B-30566CE29ED3}"
EndProject
Global
	GlobalSection(SolutionConfigurationPlatforms) = preSolution
		Debug|Any CPU = Debug|Any CPU
		Release|Any CPU = Release|Any CPU
	EndGlobalSection
	GlobalSection(ProjectConfigurationPlatforms) = postSolution
		{F3C44BFD-3214-4865-9CE8-449980059FEF}.Debug|Any CPU.ActiveCfg = Debug|Any CPU
		{F3C44BFD-3214-4865-9CE8-449980059FEF}.Debug|Any CPU.Build.0 = Debug|Any CPU
		{F3C44BFD-3214-4865-9CE8-449980059FEF}.Release|Any CPU.ActiveCfg = Release|Any CPU
		{F3C44BFD-3214-4865-9CE8-449980059FEF}.Release|Any CPU.Build.0 = Release|Any CPU
		{4E644160-968F-4FD5-9012-B94264E5A619}.Debug|Any CPU.ActiveCfg = Debug|Any CPU
		{4E644160-968F-4FD5-9012-B94264E5A619}.Debug|Any CPU.Build.0 = Debug|Any CPU
		{4E644160-968F-4FD5-9012-B94264E5A619}.Release|Any CPU.ActiveCfg = Release|Any CPU
		{4E644160-968F-4FD5-9012-B94264E5A619}.Release|Any CPU.Build.0 = Release|Any CPU
		{68ED19B0-45AA-4191-A76B-30566CE29ED3}.Debug|Any CPU.ActiveCfg = Debug|Any CPU
		{68ED19B0-45AA-4191-A76B-30566CE29ED3}.Debug|Any CPU.Build.0 = Debug|Any CPU
		{68ED19B0-45AA-4191-A76B-30566CE29ED3}.Release|Any CPU.ActiveCfg = Release|Any CPU
		{68ED19B0-45AA-4191-A76B-30566CE29ED3}.Release|Any CPU.Build.0 = Release|Any CPU
	EndGlobalSection
	GlobalSection(SolutionProperties) = preSolution
		HideSolutionNode = FALSE
	EndGlobalSection
	GlobalSection(ExtensibilityGlobals) = postSolution
		SolutionGuid = {DB4FEBF0-55FC-45B4-8CF6-54A87888087C}
	EndGlobalSection
EndGlobal
